{
  "originHash" : "9936ae991869bb00da7dfbfb2141a30c9e1960f0515d42937906828b17392f48",
  "pins" : [
    {
      "identity" : "capacitor-swift-pm",
      "kind" : "remoteSourceControl",
      "location" : "https://github.com/ionic-team/capacitor-swift-pm.git",
      "state" : {
        "revision" : "f1a8fadf1437c23b825c818fb6509c9dbbae2f61",
        "version" : "8.3.1"
      }
    },
    {
      "identity" : "onesignal-xcframework",
      "kind" : "remoteSourceControl",
      "location" : "https://github.com/OneSignal/OneSignal-XCFramework",
      "state" : {
        "revision" : "af871d3492e3dd233eb456b550aa53ce33d26c2d",
        "version" : "5.5.3"
      }
    }
  ],
  "version" : 3
}
